// !$*UTF8*$!
{
	archiveVersion = 1;
	classes = {
	};
	objectVersion = 50;
	objects = {

/* Begin PBXBuildFile section */
		2672D72E2693719B00B8EE78 /* ResizeableTextViewApp.swift in Sources */ = {isa = PBXBuildFile; fileRef = 2672D72D2693719B00B8EE78 /* ResizeableTextViewApp.swift */; };
		2672D7302693719B00B8EE78 /* ContentView.swift in Sources */ = {isa = PBXBuildFile; fileRef = 2672D72F2693719B00B8EE78 /* ContentView.swift */; };
		2672D7322693719C00B8EE78 /* Assets.xcassets in Resources */ = {isa = PBXBuildFile; fileRef = 2672D7312693719C00B8EE78 /* Assets.xcassets */; };
		2672D7352693719C00B8EE78 /* Preview Assets.xcassets in Resources */ = {isa = PBXBuildFile; fileRef = 2672D7342693719C00B8EE78 /* Preview Assets.xcassets */; };
		2672D7402693719D00B8EE78 /* ResizeableTextViewTests.swift in Sources */ = {isa = PBXBuildFile; fileRef = 2672D73F2693719D00B8EE78 /* ResizeableTextViewTests.swift */; };
		2672D74B2693719D00B8EE78 /* ResizeableTextViewUITests.swift in Sources */ = {isa = PBXBuildFile; fileRef = 2672D74A2693719D00B8EE78 /* ResizeableTextViewUITests.swift */; };
/* End PBXBuildFile section */

/* Begin PBXContainerItemProxy section */
		2672D73C2693719D00B8EE78 /* PBXContainerItemProxy */ = {
			isa = PBXContainerItemProxy;
			containerPortal = 2672D7222693719B00B8EE78 /* Project object */;
			proxyType = 1;
			remoteGlobalIDString = 2672D7292693719B00B8EE78;
			remoteInfo = ResizeableTextView;
		};
		2672D7472693719D00B8EE78 /* PBXContainerItemProxy */ = {
			isa = PBXContainerItemProxy;
			containerPortal = 2672D7222693719B00B8EE78 /* Project object */;
			proxyType = 1;
			remoteGlobalIDString = 2672D7292693719B00B8EE78;
			remoteInfo = ResizeableTextView;
		};
/* End PBXContainerItemProxy section */

/* Begin PBXFileReference section */
		2672D72A2693719B00B8EE78 /* ResizeableTextView.app */ = {isa = PBXFileReference; explicitFileType = wrapper.application; includeInIndex = 0; path = ResizeableTextView.app; sourceTree = BUILT_PRODUCTS_DIR; };
		2672D72D2693719B00B8EE78 /* ResizeableTextViewApp.swift */ = {isa = PBXFileReference; lastKnownFileType = sourcecode.swift; path = ResizeableTextViewApp.swift; sourceTree = "<group>"; };
		2672D72F2693719B00B8EE78 /* ContentView.swift */ = {isa = PBXFileReference; lastKnownFileType = sourcecode.swift; path = ContentView.swift; sourceTree = "<group>"; };
		2672D7312693719C00B8EE78 /* Assets.xcassets */ = {isa = PBXFileReference; lastKnownFileType = folder.assetcatalog; path = Assets.xcassets; sourceTree = "<group>"; };
		2672D7342693719C00B8EE78 /* Preview Assets.xcassets */ = {isa = PBXFileReference; lastKnownFileType = folder.assetcatalog; path = "Preview Assets.xcassets"; sourceTree = "<group>"; };
		2672D7362693719C00B8EE78 /* Info.plist */ = {isa = PBXFileReference; lastKnownFileType = text.plist.xml; path = Info.plist; sourceTree = "<group>"; };
		2672D73B2693719D00B8EE78 /* ResizeableTextViewTests.xctest */ = {isa = PBXFileReference; explicitFileType = wrapper.cfbundle; includeInIndex = 0; path = ResizeableTextViewTests.xctest; sourceTree = BUILT_PRODUCTS_DIR; };
		2672D73F2693719D00B8EE78 /* ResizeableTextViewTests.swift */ = {isa = PBXFileReference; lastKnownFileType = sourcecode.swift; path = ResizeableTextViewTests.swift; sourceTree = "<group>"; };
		2672D7412693719D00B8EE78 /* Info.plist */ = {isa = PBXFileReference; lastKnownFileType = text.plist.xml; path = Info.plist; sourceTree = "<group>"; };
		2672D7462693719D00B8EE78 /* ResizeableTextViewUITests.xctest */ = {isa = PBXFileReference; explicitFileType = wrapper.cfbundle; includeInIndex = 0; path = ResizeableTextViewUITests.xctest; sourceTree = BUILT_PRODUCTS_DIR; };
		2672D74A2693719D00B8EE78 /* ResizeableTextViewUITests.swift */ = {isa = PBXFileReference; lastKnownFileType = sourcecode.swift; path = ResizeableTextViewUITests.swift; sourceTree = "<group>"; };
		2672D74C2693719D00B8EE78 /* Info.plist */ = {isa = PBXFileReference; lastKnownFileType = text.plist.xml; path = Info.plist; sourceTree = "<group>"; };
/* End PBXFileReference section */

/* Begin PBXFrameworksBuildPhase section */
		2672D7272693719B00B8EE78 /* Frameworks */ = {
			isa = PBXFrameworksBuildPhase;
			buildActionMask = 2147483647;
			files = (
			);
			runOnlyForDeploymentPostprocessing = 0;
		};
		2672D7382693719D00B8EE78 /* Frameworks */ = {
			isa = PBXFrameworksBuildPhase;
			buildActionMask = 2147483647;
			files = (
			);
			runOnlyForDeploymentPostprocessing = 0;
		};
		2672D7432693719D00B8EE78 /* Frameworks */ = {
			isa = PBXFrameworksBuildPhase;
			buildActionMask = 2147483647;
			files = (
			);
			runOnlyForDeploymentPostprocessing = 0;
		};
/* End PBXFrameworksBuildPhase section */

/* Begin PBXGroup section */
		2672D7212693719B00B8EE78 = {
			isa = PBXGroup;
			children = (
				2672D72C2693719B00B8EE78 /* ResizeableTextView */,
				2672D73E2693719D00B8EE78 /* ResizeableTextViewTests */,
				2672D7492693719D00B8EE78 /* ResizeableTextViewUITests */,
				2672D72B2693719B00B8EE78 /* Products */,
			);
			sourceTree = "<group>";
		};
		2672D72B2693719B00B8EE78 /* Products */ = {
			isa = PBXGroup;
			children = (
				2672D72A2693719B00B8EE78 /* ResizeableTextView.app */,
				2672D73B2693719D00B8EE78 /* ResizeableTextViewTests.xctest */,
				2672D7462693719D00B8EE78 /* ResizeableTextViewUITests.xctest */,
			);
			name = Products;
			sourceTree = "<group>";
		};
		2672D72C2693719B00B8EE78 /* ResizeableTextView */ = {
			isa = PBXGroup;
			children = (
				2672D72D2693719B00B8EE78 /* ResizeableTextViewApp.swift */,
				2672D72F2693719B00B8EE78 /* ContentView.swift */,
				2672D7312693719C00B8EE78 /* Assets.xcassets */,
				2672D7362693719C00B8EE78 /* Info.plist */,
				2672D7332693719C00B8EE78 /* Preview Content */,
			);
			path = ResizeableTextView;
			sourceTree = "<group>";
		};
		2672D7332693719C00B8EE78 /* Preview Content */ = {
			isa = PBXGroup;
			children = (
				2672D7342693719C00B8EE78 /* Preview Assets.xcassets */,
			);
			path = "Preview Content";
			sourceTree = "<group>";
		};
		2672D73E2693719D00B8EE78 /* ResizeableTextViewTests */ = {
			isa = PBXGroup;
			children = (
				2672D73F2693719D00B8EE78 /* ResizeableTextViewTests.swift */,
				2672D7412693719D00B8EE78 /* Info.plist */,
			);
			path = ResizeableTextViewTests;
			sourceTree = "<group>";
		};
		2672D7492693719D00B8EE78 /* ResizeableTextViewUITests */ = {
			isa = PBXGroup;
			children = (
				2672D74A2693719D00B8EE78 /* ResizeableTextViewUITests.swift */,
				2672D74C2693719D00B8EE78 /* Info.plist */,
			);
			path = ResizeableTextViewUITests;
			sourceTree = "<group>";
		};
/* End PBXGroup section */

/* Begin PBXNativeTarget section */
		2672D7292693719B00B8EE78 /* ResizeableTextView */ = {
			isa = PBXNativeTarget;
			buildConfigurationList = 2672D74F2693719D00B8EE78 /* Build configuration list for PBXNativeTarget "ResizeableTextView" */;
			buildPhases = (
				2672D7262693719B00B8EE78 /* Sources */,
				2672D7272693719B00B8EE78 /* Frameworks */,
				2672D7282693719B00B8EE78 /* Resources */,
			);
			buildRules = (
			);
			dependencies = (
			);
			name = ResizeableTextView;
			productName = ResizeableTextView;
			productReference = 2672D72A2693719B00B8EE78 /* ResizeableTextView.app */;
			productType = "com.apple.product-type.application";
		};
		2672D73A2693719D00B8EE78 /* ResizeableTextViewTests */ = {
			isa = PBXNativeTarget;
			buildConfigurationList = 2672D7522693719D00B8EE78 /* Build configuration list for PBXNativeTarget "ResizeableTextViewTests" */;
			buildPhases = (
				2672D7372693719D00B8EE78 /* Sources */,
				2672D7382693719D00B8EE78 /* Frameworks */,
				2672D7392693719D00B8EE78 /* Resources */,
			);
			buildRules = (
			);
			dependencies = (
				2672D73D2693719D00B8EE78 /* PBXTargetDependency */,
			);
			name = ResizeableTextViewTests;
			productName = ResizeableTextViewTests;
			productReference = 2672D73B2693719D00B8EE78 /* ResizeableTextViewTests.xctest */;
			productType = "com.apple.product-type.bundle.unit-test";
		};
		2672D7452693719D00B8EE78 /* ResizeableTextViewUITests */ = {
			isa = PBXNativeTarget;
			buildConfigurationList = 2672D7552693719D00B8EE78 /* Build configuration list for PBXNativeTarget "ResizeableTextViewUITests" */;
			buildPhases = (
				2672D7422693719D00B8EE78 /* Sources */,
				2672D7432693719D00B8EE78 /* Frameworks */,
				2672D7442693719D00B8EE78 /* Resources */,
			);
			buildRules = (
			);
			dependencies = (
				2672D7482693719D00B8EE78 /* PBXTargetDependency */,
			);
			name = ResizeableTextViewUITests;
			productName = ResizeableTextViewUITests;
			productReference = 2672D7462693719D00B8EE78 /* ResizeableTextViewUITests.xctest */;
			productType = "com.apple.product-type.bundle.ui-testing";
		};
/* End PBXNativeTarget section */

/* Begin PBXProject section */
		2672D7222693719B00B8EE78 /* Project object */ = {
			isa = PBXProject;
			attributes = {
				LastSwiftUpdateCheck = 1200;
				LastUpgradeCheck = 1200;
				TargetAttributes = {
					2672D7292693719B00B8EE78 = {
						CreatedOnToolsVersion = 12.0.1;
					};
					2672D73A2693719D00B8EE78 = {
						CreatedOnToolsVersion = 12.0.1;
						TestTargetID = 2672D7292693719B00B8EE78;
					};
					2672D7452693719D00B8EE78 = {
						CreatedOnToolsVersion = 12.0.1;
						TestTargetID = 2672D7292693719B00B8EE78;
					};
				};
			};
			buildConfigurationList = 2672D7252693719B00B8EE78 /* Build configuration list for PBXProject "ResizeableTextView" */;
			compatibilityVersion = "Xcode 9.3";
			developmentRegion = en;
			hasScannedForEncodings = 0;
			knownRegions = (
				en,
				Base,
			);
			mainGroup = 2672D7212693719B00B8EE78;
			productRefGroup = 2672D72B2693719B00B8EE78 /* Products */;
			projectDirPath = "";
			projectRoot = "";
			targets = (
				2672D7292693719B00B8EE78 /* ResizeableTextView */,
				2672D73A2693719D00B8EE78 /* ResizeableTextViewTests */,
				2672D7452693719D00B8EE78 /* ResizeableTextViewUITests */,
			);
		};
/* End PBXProject section */

/* Begin PBXResourcesBuildPhase section */
		2672D7282693719B00B8EE78 /* Resources */ = {
			isa = PBXResourcesBuildPhase;
			buildActionMask = 2147483647;
			files = (
				2672D7352693719C00B8EE78 /* Preview Assets.xcassets in Resources */,
				2672D7322693719C00B8EE78 /* Assets.xcassets in Resources */,
			);
			runOnlyForDeploymentPostprocessing = 0;
		};
		2672D7392693719D00B8EE78 /* Resources */ = {
			isa = PBXResourcesBuildPhase;
			buildActionMask = 2147483647;
			files = (
			);
			runOnlyForDeploymentPostprocessing = 0;
		};
		2672D7442693719D00B8EE78 /* Resources */ = {
			isa = PBXResourcesBuildPhase;
			buildActionMask = 2147483647;
			files = (
			);
			runOnlyForDeploymentPostprocessing = 0;
		};
/* End PBXResourcesBuildPhase section */

/* Begin PBXSourcesBuildPhase section */
		2672D7262693719B00B8EE78 /* Sources */ = {
			isa = PBXSourcesBuildPhase;
			buildActionMask = 2147483647;
			files = (
				2672D7302693719B00B8EE78 /* ContentView.swift in Sources */,
				2672D72E2693719B00B8EE78 /* ResizeableTextViewApp.swift in Sources */,
			);
			runOnlyForDeploymentPostprocessing = 0;
		};
		2672D7372693719D00B8EE78 /* Sources */ = {
			isa = PBXSourcesBuildPhase;
			buildActionMask = 2147483647;
			files = (
				2672D7402693719D00B8EE78 /* ResizeableTextViewTests.swift in Sources */,
			);
			runOnlyForDeploymentPostprocessing = 0;
		};
		2672D7422693719D00B8EE78 /* Sources */ = {
			isa = PBXSourcesBuildPhase;
			buildActionMask = 2147483647;
			files = (
				2672D74B2693719D00B8EE78 /* ResizeableTextViewUITests.swift in Sources */,
			);
			runOnlyForDeploymentPostprocessing = 0;
		};
/* End PBXSourcesBuildPhase section */

/* Begin PBXTargetDependency section */
		2672D73D2693719D00B8EE78 /* PBXTargetDependency */ = {
			isa = PBXTargetDependency;
			target = 2672D7292693719B00B8EE78 /* ResizeableTextView */;
			targetProxy = 2672D73C2693719D00B8EE78 /* PBXContainerItemProxy */;
		};
		2672D7482693719D00B8EE78 /* PBXTargetDependency */ = {
			isa = PBXTargetDependency;
			target = 2672D7292693719B00B8EE78 /* ResizeableTextView */;
			targetProxy = 2672D7472693719D00B8EE78 /* PBXContainerItemProxy */;
		};
/* End PBXTargetDependency section */

/* Begin XCBuildConfiguration section */
		2672D74D2693719D00B8EE78 /* Debug */ = {
			isa = XCBuildConfiguration;
			buildSettings = {
				ALWAYS_SEARCH_USER_PATHS = NO;
				CLANG_ANALYZER_NONNULL = YES;
				CLANG_ANALYZER_NUMBER_OBJECT_CONVERSION = YES_AGGRESSIVE;
				CLANG_CXX_LANGUAGE_STANDARD = "gnu++14";
				CLANG_CXX_LIBRARY = "libc++";
				CLANG_ENABLE_MODULES = YES;
				CLANG_ENABLE_OBJC_ARC = YES;
				CLANG_ENABLE_OBJC_WEAK = YES;
				CLANG_WARN_BLOCK_CAPTURE_AUTORELEASING = YES;
				CLANG_WARN_BOOL_CONVERSION = YES;
				CLANG_WARN_COMMA = YES;
				CLANG_WARN_CONSTANT_CONVERSION = YES;
				CLANG_WARN_DEPRECATED_OBJC_IMPLEMENTATIONS = YES;
				CLANG_WARN_DIRECT_OBJC_ISA_USAGE = YES_ERROR;
				CLANG_WARN_DOCUMENTATION_COMMENTS = YES;
				CLANG_WARN_EMPTY_BODY = YES;
				CLANG_WARN_ENUM_CONVERSION = YES;
				CLANG_WARN_INFINITE_RECURSION = YES;
				CLANG_WARN_INT_CONVERSION = YES;
				CLANG_WARN_NON_LITERAL_NULL_CONVERSION = YES;
				CLANG_WARN_OBJC_IMPLICIT_RETAIN_SELF = YES;
				CLANG_WARN_OBJC_LITERAL_CONVERSION = YES;
				CLANG_WARN_OBJC_ROOT_CLASS = YES_ERROR;
				CLANG_WARN_QUOTED_INCLUDE_IN_FRAMEWORK_HEADER = YES;
				CLANG_WARN_RANGE_LOOP_ANALYSIS = YES;
				CLANG_WARN_STRICT_PROTOTYPES = YES;
				CLANG_WARN_SUSPICIOUS_MOVE = YES;
				CLANG_WARN_UNGUARDED_AVAILABILITY = YES_AGGRESSIVE;
				CLANG_WARN_UNREACHABLE_CODE = YES;
				CLANG_WARN__DUPLICATE_METHOD_MATCH = YES;
				COPY_PHASE_STRIP = NO;
				DEBUG_INFORMATION_FORMAT = dwarf;
				ENABLE_STRICT_OBJC_MSGSEND = YES;
				ENABLE_TESTABILITY = YES;
				GCC_C_LANGUAGE_STANDARD = gnu11;
				GCC_DYNAMIC_NO_PIC = NO;
				GCC_NO_COMMON_BLOCKS = YES;
				GCC_OPTIMIZATION_LEVEL = 0;
				GCC_PREPROCESSOR_DEFINITIONS = (
					"DEBUG=1",
					"$(inherited)",
				);
				GCC_WARN_64_TO_32_BIT_CONVERSION = YES;
				GCC_WARN_ABOUT_RETURN_TYPE = YES_ERROR;
				GCC_WARN_UNDECLARED_SELECTOR = YES;
				GCC_WARN_UNINITIALIZED_AUTOS = YES_AGGRESSIVE;
				GCC_WARN_UNUSED_FUNCTION = YES;
				GCC_WARN_UNUSED_VARIABLE = YES;
				IPHONEOS_DEPLOYMENT_TARGET = 14.0;
				MTL_ENABLE_DEBUG_INFO = INCLUDE_SOURCE;
				MTL_FAST_MATH = YES;
				ONLY_ACTIVE_ARCH = YES;
				SDKROOT = iphoneos;
				SWIFT_ACTIVE_COMPILATION_CONDITIONS = DEBUG;
				SWIFT_OPTIMIZATION_LEVEL = "-Onone";
			};
			name = Debug;
		};
		2672D74E2693719D00B8EE78 /* Release */ = {
			isa = XCBuildConfiguration;
			buildSettings = {
				ALWAYS_SEARCH_USER_PATHS = NO;
				CLANG_ANALYZER_NONNULL = YES;
				CLANG_ANALYZER_NUMBER_OBJECT_CONVERSION = YES_AGGRESSIVE;
				CLANG_CXX_LANGUAGE_STANDARD = "gnu++14";
				CLANG_CXX_LIBRARY = "libc++";
				CLANG_ENABLE_MODULES = YES;
				CLANG_ENABLE_OBJC_ARC = YES;
				CLANG_ENABLE_OBJC_WEAK = YES;
				CLANG_WARN_BLOCK_CAPTURE_AUTORELEASING = YES;
				CLANG_WARN_BOOL_CONVERSION = YES;
				CLANG_WARN_COMMA = YES;
				CLANG_WARN_CONSTANT_CONVERSION = YES;
				CLANG_WARN_DEPRECATED_OBJC_IMPLEMENTATIONS = YES;
				CLANG_WARN_DIRECT_OBJC_ISA_USAGE = YES_ERROR;
				CLANG_WARN_DOCUMENTATION_COMMENTS = YES;
				CLANG_WARN_EMPTY_BODY = YES;
				CLANG_WARN_ENUM_CONVERSION = YES;
				CLANG_WARN_INFINITE_RECURSION = YES;
				CLANG_WARN_INT_CONVERSION = YES;
				CLANG_WARN_NON_LITERAL_NULL_CONVERSION = YES;
				CLANG_WARN_OBJC_IMPLICIT_RETAIN_SELF = YES;
				CLANG_WARN_OBJC_LITERAL_CONVERSION = YES;
				CLANG_WARN_OBJC_ROOT_CLASS = YES_ERROR;
				CLANG_WARN_QUOTED_INCLUDE_IN_FRAMEWORK_HEADER = YES;
				CLANG_WARN_RANGE_LOOP_ANALYSIS = YES;
				CLANG_WARN_STRICT_PROTOTYPES = YES;
				CLANG_WARN_SUSPICIOUS_MOVE = YES;
				CLANG_WARN_UNGUARDED_AVAILABILITY = YES_AGGRESSIVE;
				CLANG_WARN_UNREACHABLE_CODE = YES;
				CLANG_WARN__DUPLICATE_METHOD_MATCH = YES;
				COPY_PHASE_STRIP = NO;
				DEBUG_INFORMATION_FORMAT = "dwarf-with-dsym";
				ENABLE_NS_ASSERTIONS = NO;
				ENABLE_STRICT_OBJC_MSGSEND = YES;
				GCC_C_LANGUAGE_STANDARD = gnu11;
				GCC_NO_COMMON_BLOCKS = YES;
				GCC_WARN_64_TO_32_BIT_CONVERSION = YES;
				GCC_WARN_ABOUT_RETURN_TYPE = YES_ERROR;
				GCC_WARN_UNDECLARED_SELECTOR = YES;
				GCC_WARN_UNINITIALIZED_AUTOS = YES_AGGRESSIVE;
				GCC_WARN_UNUSED_FUNCTION = YES;
				GCC_WARN_UNUSED_VARIABLE = YES;
				IPHONEOS_DEPLOYMENT_TARGET = 14.0;
				MTL_ENABLE_DEBUG_INFO = NO;
				MTL_FAST_MATH = YES;
				SDKROOT = iphoneos;
				SWIFT_COMPILATION_MODE = wholemodule;
				SWIFT_OPTIMIZATION_LEVEL = "-O";
				VALIDATE_PRODUCT = YES;
			};
			name = Release;
		};
		2672D7502693719D00B8EE78 /* Debug */ = {
			isa = XCBuildConfiguration;
			buildSettings = {
				ASSETCATALOG_COMPILER_APPICON_NAME = AppIcon;
				ASSETCATALOG_COMPILER_GLOBAL_ACCENT_COLOR_NAME = AccentColor;
				CODE_SIGN_STYLE = Automatic;
				DEVELOPMENT_ASSET_PATHS = "\"ResizeableTextView/Preview Content\"";
				ENABLE_PREVIEWS = YES;
				INFOPLIST_FILE = ResizeableTextView/Info.plist;
				IPHONEOS_DEPLOYMENT_TARGET = 14.0;
				LD_RUNPATH_SEARCH_PATHS = (
					"$(inherited)",
					"@executable_path/Frameworks",
				);
				PRODUCT_BUNDLE_IDENTIFIER = com.test.ResizeableTextView;
				PRODUCT_NAME = "$(TARGET_NAME)";
				SWIFT_VERSION = 5.0;
				TARGETED_DEVICE_FAMILY = "1,2";
			};
			name = Debug;
		};
		2672D7512693719D00B8EE78 /* Release */ = {
			isa = XCBuildConfiguration;
			buildSettings = {
				ASSETCATALOG_COMPILER_APPICON_NAME = AppIcon;
				ASSETCATALOG_COMPILER_GLOBAL_ACCENT_COLOR_NAME = AccentColor;
				CODE_SIGN_STYLE = Automatic;
				DEVELOPMENT_ASSET_PATHS = "\"ResizeableTextView/Preview Content\"";
				ENABLE_PREVIEWS = YES;
				INFOPLIST_FILE = ResizeableTextView/Info.plist;
				IPHONEOS_DEPLOYMENT_TARGET = 14.0;
				LD_RUNPATH_SEARCH_PATHS = (
					"$(inherited)",
					"@executable_path/Frameworks",
				);
				PRODUCT_BUNDLE_IDENTIFIER = com.test.ResizeableTextView;
				PRODUCT_NAME = "$(TARGET_NAME)";
				SWIFT_VERSION = 5.0;
				TARGETED_DEVICE_FAMILY = "1,2";
			};
			name = Release;
		};
		2672D7532693719D00B8EE78 /* Debug */ = {
			isa = XCBuildConfiguration;
			buildSettings = {
				ALWAYS_EMBED_SWIFT_STANDARD_LIBRARIES = YES;
				BUNDLE_LOADER = "$(TEST_HOST)";
				CODE_SIGN_STYLE = Automatic;
				INFOPLIST_FILE = ResizeableTextViewTests/Info.plist;
				IPHONEOS_DEPLOYMENT_TARGET = 14.0;
				LD_RUNPATH_SEARCH_PATHS = (
					"$(inherited)",
					"@executable_path/Frameworks",
					"@loader_path/Frameworks",
				);
				PRODUCT_BUNDLE_IDENTIFIER = com.test.ResizeableTextViewTests;
				PRODUCT_NAME = "$(TARGET_NAME)";
				SWIFT_VERSION = 5.0;
				TARGETED_DEVICE_FAMILY = "1,2";
				TEST_HOST = "$(BUILT_PRODUCTS_DIR)/ResizeableTextView.app/ResizeableTextView";
			};
			name = Debug;
		};
		2672D7542693719D00B8EE78 /* Release */ = {
			isa = XCBuildConfiguration;
			buildSettings = {
				ALWAYS_EMBED_SWIFT_STANDARD_LIBRARIES = YES;
				BUNDLE_LOADER = "$(TEST_HOST)";
				CODE_SIGN_STYLE = Automatic;
				INFOPLIST_FILE = ResizeableTextViewTests/Info.plist;
				IPHONEOS_DEPLOYMENT_TARGET = 14.0;
				LD_RUNPATH_SEARCH_PATHS = (
					"$(inherited)",
					"@executable_path/Frameworks",
					"@loader_path/Frameworks",
				);
				PRODUCT_BUNDLE_IDENTIFIER = com.test.ResizeableTextViewTests;
				PRODUCT_NAME = "$(TARGET_NAME)";
				SWIFT_VERSION = 5.0;
				TARGETED_DEVICE_FAMILY = "1,2";
				TEST_HOST = "$(BUILT_PRODUCTS_DIR)/ResizeableTextView.app/ResizeableTextView";
			};
			name = Release;
		};
		2672D7562693719D00B8EE78 /* Debug */ = {
			isa = XCBuildConfiguration;
			buildSettings = {
				ALWAYS_EMBED_SWIFT_STANDARD_LIBRARIES = YES;
				CODE_SIGN_STYLE = Automatic;
				INFOPLIST_FILE = ResizeableTextViewUITests/Info.plist;
				LD_RUNPATH_SEARCH_PATHS = (
					"$(inherited)",
					"@executable_path/Frameworks",
					"@loader_path/Frameworks",
				);
				PRODUCT_BUNDLE_IDENTIFIER = com.test.ResizeableTextViewUITests;
				PRODUCT_NAME = "$(TARGET_NAME)";
				SWIFT_VERSION = 5.0;
				TARGETED_DEVICE_FAMILY = "1,2";
				TEST_TARGET_NAME = ResizeableTextView;
			};
			name = Debug;
		};
		2672D7572693719D00B8EE78 /* Release */ = {
			isa = XCBuildConfiguration;
			buildSettings = {
				ALWAYS_EMBED_SWIFT_STANDARD_LIBRARIES = YES;
				CODE_SIGN_STYLE = Automatic;
				INFOPLIST_FILE = ResizeableTextViewUITests/Info.plist;
				LD_RUNPATH_SEARCH_PATHS = (
					"$(inherited)",
					"@executable_path/Frameworks",
					"@loader_path/Frameworks",
				);
				PRODUCT_BUNDLE_IDENTIFIER = com.test.ResizeableTextViewUITests;
				PRODUCT_NAME = "$(TARGET_NAME)";
				SWIFT_VERSION = 5.0;
				TARGETED_DEVICE_FAMILY = "1,2";
				TEST_TARGET_NAME = ResizeableTextView;
			};
			name = Release;
		};
/* End XCBuildConfiguration section */

/* Begin XCConfigurationList section */
		2672D7252693719B00B8EE78 /* Build configuration list for PBXProject "ResizeableTextView" */ = {
			isa = XCConfigurationList;
			buildConfigurations = (
				2672D74D2693719D00B8EE78 /* Debug */,
				2672D74E2693719D00B8EE78 /* Release */,
			);
			defaultConfigurationIsVisible = 0;
			defaultConfigurationName = Release;
		};
		2672D74F2693719D00B8EE78 /* Build configuration list for PBXNativeTarget "ResizeableTextView" */ = {
			isa = XCConfigurationList;
			buildConfigurations = (
				2672D7502693719D00B8EE78 /* Debug */,
				2672D7512693719D00B8EE78 /* Release */,
			);
			defaultConfigurationIsVisible = 0;
			defaultConfigurationName = Release;
		};
		2672D7522693719D00B8EE78 /* Build configuration list for PBXNativeTarget "ResizeableTextViewTests" */ = {
			isa = XCConfigurationList;
			buildConfigurations = (
				2672D7532693719D00B8EE78 /* Debug */,
				2672D7542693719D00B8EE78 /* Release */,
			);
			defaultConfigurationIsVisible = 0;
			defaultConfigurationName = Release;
		};
		2672D7552693719D00B8EE78 /* Build configuration list for PBXNativeTarget "ResizeableTextViewUITests" */ = {
			isa = XCConfigurationList;
			buildConfigurations = (
				2672D7562693719D00B8EE78 /* Debug */,
				2672D7572693719D00B8EE78 /* Release */,
			);
			defaultConfigurationIsVisible = 0;
			defaultConfigurationName = Release;
		};
/* End XCConfigurationList section */
	};
	rootObject = 2672D7222693719B00B8EE78 /* Project object */;
}
